
Microsoft Visual Studio Solution File, Format Version 12.00
# Visual Studio 2013
VisualStudioVersion = 12.0.21005.1
MinimumVisualStudioVersion = 10.0.40219.1
Project("{FAE04EC0-301F-11D3-BF4B-00C04F79EFBC}") = "Editeur de Texte", "Editeur de Texte\Editeur de Texte.csproj", "{0A18F90F-2D8B-48EB-989E-E9B502499539}"
EndProject
Global
	GlobalSection(SolutionConfigurationPlatforms) = preSolution
		Debug|Any CPU = Debug|Any CPU
		Release|Any CPU = Release|Any CPU
	EndGlobalSection
	GlobalSection(ProjectConfigurationPlatforms) = postSolution
		{0A18F90F-2D8B-48EB-989E-E9B502499539}.Debug|Any CPU.ActiveCfg = Debug|Any CPU
		{0A18F90F-2D8B-48EB-989E-E9B502499539}.Debug|Any CPU.Build.0 = Debug|Any CPU
		{0A18F90F-2D8B-48EB-989E-E9B502499539}.Release|Any CPU.ActiveCfg = Release|Any CPU
		{0A18F90F-2D8B-48EB-989E-E9B502499539}.Release|Any CPU.Build.0 = Release|Any CPU
	EndGlobalSection
	GlobalSection(SolutionProperties) = preSolution
		HideSolutionNode = FALSE
	EndGlobalSection
EndGlobal
